# This file is generated by running "yarn install" inside your project.
# Manual changes might be lost - proceed with caution!

__metadata:
  version: 6
  cacheKey: 8

"@emotion/is-prop-valid@npm:^1.2.1":
  version: 1.2.1
  resolution: "@emotion/is-prop-valid@npm:1.2.1"
  dependencies:
    "@emotion/memoize": ^0.8.1
  checksum: 8f42dc573a3fad79b021479becb639b8fe3b60bdd1081a775d32388bca418ee53074c7602a4c845c5f75fa6831eb1cbdc4d208cc0299f57014ed3a02abcad16a
  languageName: node
  linkType: hard

"@emotion/memoize@npm:^0.8.1":
  version: 0.8.1
  resolution: "@emotion/memoize@npm:0.8.1"
  checksum: a19cc01a29fcc97514948eaab4dc34d8272e934466ed87c07f157887406bc318000c69ae6f813a9001c6a225364df04249842a50e692ef7a9873335fbcc141b0
  languageName: node
  linkType: hard

"chapter-firejs@workspace:.":
  version: 0.0.0-use.local
  resolution: "chapter-firejs@workspace:."
  languageName: unknown
  linkType: soft

"firejs-app@workspace:packages/app":
  version: 0.0.0-use.local
  resolution: "firejs-app@workspace:packages/app"
  dependencies:
    firejs: 1.0.0
  languageName: unknown
  linkType: soft

"firejs@1.0.0, firejs@workspace:packages/firejs":
  version: 0.0.0-use.local
  resolution: "firejs@workspace:packages/firejs"
  dependencies:
    "@emotion/is-prop-valid": ^1.2.1
    typescript: ^4.8.4
  languageName: unknown
  linkType: soft

"typescript@npm:^4.8.4":
  version: 4.9.5
  resolution: "typescript@npm:4.9.5"
  bin:
    tsc: bin/tsc
    tsserver: bin/tsserver
  checksum: ee000bc26848147ad423b581bd250075662a354d84f0e06eb76d3b892328d8d4440b7487b5a83e851b12b255f55d71835b008a66cbf8f255a11e4400159237db
  languageName: node
  linkType: hard

"typescript@patch:typescript@^4.8.4#~builtin<compat/typescript>":
  version: 4.9.5
  resolution: "typescript@patch:typescript@npm%3A4.9.5#~builtin<compat/typescript>::version=4.9.5&hash=289587"
  bin:
    tsc: bin/tsc
    tsserver: bin/tsserver
  checksum: 1f8f3b6aaea19f0f67cba79057674ba580438a7db55057eb89cc06950483c5d632115c14077f6663ea76fd09fce3c190e6414bb98582ec80aa5a4eaf345d5b68
  languageName: node
  linkType: hard
